{
  "name": "asp.net",
  "version": "1.0.0",
  "lockfileVersion": 1,
  "requires": true,
  "dependencies": {
    "@types/node": {
      "version": "8.0.47",
      "resolved": "https://registry.npmjs.org/@types/node/-/node-8.0.47.tgz",
      "integrity": "sha512-kOwL746WVvt/9Phf6/JgX/bsGQvbrK5iUgzyfwZNcKVFcjAUVSpF9HxevLTld2SG9aywYHOILj38arDdY1r/iQ==",
      "dev": true
    },
    "buefy": {
      "version": "0.5.4",
      "resolved": "https://registry.npmjs.org/buefy/-/buefy-0.5.4.tgz",
      "integrity": "sha512-E1gCh98+qrltr1tTULUpyPFcqK4I9QEIpCh7gEJFagAO0AhEDaqpKkbpKp25CBx81LfYfpKrq/NIWH4tSCsBjw==",
      "dev": true,
      "requires": {
        "bulma": "0.5.3",
        "vue": "2.4.4"
      }
    },
    "bulma": {
      "version": "0.5.3",
      "resolved": "https://registry.npmjs.org/bulma/-/bulma-0.5.3.tgz",
      "integrity": "sha1-vpOvtiRhklBcMN8/nBwpqX0xmhM=",
      "dev": true
    },
    "typescript": {
      "version": "2.5.2",
      "resolved": "https://registry.npmjs.org/typescript/-/typescript-2.5.2.tgz",
      "integrity": "sha1-A4qV99m7tCCxvzW6MdTFwd0//jQ=",
      "dev": true
    },
    "vue": {
      "version": "2.4.4",
      "resolved": "https://registry.npmjs.org/vue/-/vue-2.4.4.tgz",
      "integrity": "sha512-PCiRmc8ZT1DD5+BN8QUAmnkBefcCLfZVSuhc1u7iu5JoPrSHyyk/+4nehm7k2xVMi8+RFLk5WIHAN14UKF0txw==",
      "dev": true
    },
    "vue-class-component": {
      "version": "5.0.2",
      "resolved": "https://registry.npmjs.org/vue-class-component/-/vue-class-component-5.0.2.tgz",
      "integrity": "sha512-wgI/SKRozqADIeMGN16PXiHBa/cnRD7JcuYt7P4JHcMIMc2BdUw02pQ+EQmsui0tN2kRVZGwZ8h4Yb2Vbf4w0w==",
      "dev": true
    },
    "vue-router": {
      "version": "2.8.1",
      "resolved": "https://registry.npmjs.org/vue-router/-/vue-router-2.8.1.tgz",
      "integrity": "sha512-MC4jacHBhTPKtmcfzvaj2N7g6jgJ/Z/eIjZdt+yUaUOM1iKC0OUIlO/xCtz6OZFFTNUJs/1YNro2GN/lE+nOXA==",
      "dev": true
    },
    "vuex": {
      "version": "2.5.0",
      "resolved": "https://registry.npmjs.org/vuex/-/vuex-2.5.0.tgz",
      "integrity": "sha512-5oJPOJySBgSgSzoeO+gZB/BbN/XsapgIF6tz34UwJqnGZMQurzIO3B4KIBf862gfc9ya+oduY5sSkq+5/oOilQ==",
      "dev": true
    }
  }
}
